{
  "originHash" : "c4c26c35038d083e059e27e6a5e2cb9a01c94e517c19439c5a22a7a53664fa48",
  "pins" : [
    {
      "identity" : "sentry-cocoa",
      "kind" : "remoteSourceControl",
      "location" : "https://github.com/getsentry/sentry-cocoa",
      "state" : {
        "revision" : "21223d1c864db0561d91f48d80f269a363a1625d",
        "version" : "8.47.0"
      }
    }
  ],
  "version" : 3
}
