{
  "originHash" : "c4c26c35038d083e059e27e6a5e2cb9a01c94e517c19439c5a22a7a53664fa48",
  "pins" : [
    {
      "identity" : "sentry-cocoa",
      "kind" : "remoteSourceControl",
      "location" : "https://github.com/getsentry/sentry-cocoa",
      "state" : {
        "revision" : "2c6c1b81d9f6e6178064b4e9b457abe1c118bcda",
        "version" : "8.49.0"
      }
    }
  ],
  "version" : 3
}
