{
  "originHash" : "c4c26c35038d083e059e27e6a5e2cb9a01c94e517c19439c5a22a7a53664fa48",
  "pins" : [
    {
      "identity" : "sentry-cocoa",
      "kind" : "remoteSourceControl",
      "location" : "https://github.com/getsentry/sentry-cocoa",
      "state" : {
        "revision" : "0c34e4da899a1dd9183db04082d1ceb6e9c2b301",
        "version" : "8.44.0"
      }
    }
  ],
  "version" : 3
}
